
Microsoft Visual Studio Solution File, Format Version 12.00
# Visual Studio 14
VisualStudioVersion = 14.0.25123.0
MinimumVisualStudioVersion = 10.0.40219.1
Project("{FAE04EC0-301F-11D3-BF4B-00C04F79EFBC}") = "Bulkina", "Bulkina\Bulkina.csproj", "{2AEF1F65-479C-43BE-A1CA-A6C0F4A274EE}"
EndProject
Global
	GlobalSection(SolutionConfigurationPlatforms) = preSolution
		Debug|Any CPU = Debug|Any CPU
		Release|Any CPU = Release|Any CPU
	EndGlobalSection
	GlobalSection(ProjectConfigurationPlatforms) = postSolution
		{2AEF1F65-479C-43BE-A1CA-A6C0F4A274EE}.Debug|Any CPU.ActiveCfg = Debug|Any CPU
		{2AEF1F65-479C-43BE-A1CA-A6C0F4A274EE}.Debug|Any CPU.Build.0 = Debug|Any CPU
		{2AEF1F65-479C-43BE-A1CA-A6C0F4A274EE}.Release|Any CPU.ActiveCfg = Release|Any CPU
		{2AEF1F65-479C-43BE-A1CA-A6C0F4A274EE}.Release|Any CPU.Build.0 = Release|Any CPU
	EndGlobalSection
	GlobalSection(SolutionProperties) = preSolution
		HideSolutionNode = FALSE
	EndGlobalSection
EndGlobal
